
Microsoft Visual Studio Solution File, Format Version 12.00
# Visual Studio 15
VisualStudioVersion = 15.0.27428.2015
MinimumVisualStudioVersion = 10.0.40219.1
Project("{FAE04EC0-301F-11D3-BF4B-00C04F79EFBC}") = "MyClient", "Client\MyClient\MyClient.csproj", "{7D60BCDB-88ED-4887-BEF4-1F7EA76D65F5}"
EndProject
Project("{FAE04EC0-301F-11D3-BF4B-00C04F79EFBC}") = "Job.Interface", "Server\Job.Interface\Job.Interface.csproj", "{C8443CF0-A78D-400B-85EB-B39DF8855185}"
EndProject
Global
	GlobalSection(SolutionConfigurationPlatforms) = preSolution
		Debug|Any CPU = Debug|Any CPU
		Release|Any CPU = Release|Any CPU
	EndGlobalSection
	GlobalSection(ProjectConfigurationPlatforms) = postSolution
		{7D60BCDB-88ED-4887-BEF4-1F7EA76D65F5}.Debug|Any CPU.ActiveCfg = Debug|Any CPU
		{7D60BCDB-88ED-4887-BEF4-1F7EA76D65F5}.Debug|Any CPU.Build.0 = Debug|Any CPU
		{7D60BCDB-88ED-4887-BEF4-1F7EA76D65F5}.Release|Any CPU.ActiveCfg = Release|Any CPU
		{7D60BCDB-88ED-4887-BEF4-1F7EA76D65F5}.Release|Any CPU.Build.0 = Release|Any CPU
		{C8443CF0-A78D-400B-85EB-B39DF8855185}.Debug|Any CPU.ActiveCfg = Debug|Any CPU
		{C8443CF0-A78D-400B-85EB-B39DF8855185}.Debug|Any CPU.Build.0 = Debug|Any CPU
		{C8443CF0-A78D-400B-85EB-B39DF8855185}.Release|Any CPU.ActiveCfg = Release|Any CPU
		{C8443CF0-A78D-400B-85EB-B39DF8855185}.Release|Any CPU.Build.0 = Release|Any CPU
	EndGlobalSection
	GlobalSection(SolutionProperties) = preSolution
		HideSolutionNode = FALSE
	EndGlobalSection
	GlobalSection(ExtensibilityGlobals) = postSolution
		SolutionGuid = {2411C7E3-E98F-49C8-BB6B-143541A19E16}
	EndGlobalSection
EndGlobal
